PODS:
  - Expecta (1.0.0)
  - NHArrowView (0.1.0)
  - OCHamcrest (4.1.1)
  - OCMockito (1.4.0):
    - OCHamcrest (~> 4.0)
  - Specta (1.0.2)
  - UHNBLEController (0.1.0):
    - UHNDebug
  - UHNCGMController (0.1.2):
    - UHNBLEController
    - UHNDebug
  - UHNDebug (0.1.0)
  - UHNTimeSeriesPlotView (0.1.0)

DEPENDENCIES:
  - Expecta
  - NHArrowView
  - OCMockito
  - Specta
  - UHNCGMController (from `../`)
  - UHNTimeSeriesPlotView

EXTERNAL SOURCES:
  UHNCGMController:
    :path: "../"

SPEC CHECKSUMS:
  Expecta: 32604574add2c46a36f8d2f716b6c5736eb75024
  NHArrowView: 558a4b638d0b280a1b70d254811f51e8510b2c71
  OCHamcrest: 6f03ffa81d12feab872638490a44ab0a6d3aca10
  OCMockito: 4981140c9a9ec06c31af40f636e3c0f25f27e6b2
  Specta: 9cec98310dca411f7c7ffd6943552b501622abfe
  UHNBLEController: 7f56ef421d91f1b8221b405b8ba49b3f0bb7a419
  UHNCGMController: d22be090fabe0b3f28da65f5dc8024358738794e
  UHNDebug: 09eb4d23b4c465e4a997d8ea225c29743c06bec8
  UHNTimeSeriesPlotView: bc38f7093e4086c162190e23dd175b61ae1890dd

COCOAPODS: 0.37.2
